
Microsoft Visual Studio Solution File, Format Version 12.00
# Visual Studio Version 17
VisualStudioVersion = 17.0.31903.59
MinimumVisualStudioVersion = 10.0.40219.1
Project("{2150E333-8FDC-42A3-9474-1A3956D46DE8}") = "src", "src", "{827E0CD3-B72D-47B6-A68D-7590B98EB39B}"
EndProject
Project("{2150E333-8FDC-42A3-9474-1A3956D46DE8}") = "Core", "Core", "{8D626EA8-CB54-BC41-363A-217881BEBA6E}"
EndProject
Project("{2150E333-8FDC-42A3-9474-1A3956D46DE8}") = "Domain", "Domain", "{53986343-908A-6037-C70A-1919D3E9F8C3}"
EndProject
Project("{FAE04EC0-301F-11D3-BF4B-00C04F79EFBC}") = "Core.Domain", "src\Core\Domain\Core.Domain.csproj", "{EED81BFB-1349-4784-A3AF-0AD76F889EE7}"
EndProject
Project("{FAE04EC0-301F-11D3-BF4B-00C04F79EFBC}") = "Core.Application", "src\Core\Application\Core.Application.csproj", "{233D952B-2815-4218-879A-46FE41D7D4CD}"
EndProject
Project("{FAE04EC0-301F-11D3-BF4B-00C04F79EFBC}") = "Core.Infrastructure", "src\Core\Infrastructure\Core.Infrastructure.csproj", "{44D174C2-EA42-48C3-8F12-20A0F55AE495}"
EndProject
Project("{FAE04EC0-301F-11D3-BF4B-00C04F79EFBC}") = "Api", "src\Api\Api.csproj", "{4E1A346A-37CA-46C9-AC54-59F91C5EE153}"
EndProject
Project("{FAE04EC0-301F-11D3-BF4B-00C04F79EFBC}") = "Shared.BaseAgent", "src\Shared\BaseAgent\Shared.BaseAgent.csproj", "{F96833C4-8EE4-49A2-BC46-952F3978E93A}"
EndProject
Project("{FAE04EC0-301F-11D3-BF4B-00C04F79EFBC}") = "Tests.Unit", "tests\Unit\Tests.Unit.csproj", "{8DD4CE5A-0699-4C01-A13A-24016CD84DC8}"
EndProject
Project("{2150E333-8FDC-42A3-9474-1A3956D46DE8}") = "Shared", "Shared", "{C8E42992-5E42-0C2B-DBFE-AA848D06431C}"
EndProject
Project("{2150E333-8FDC-42A3-9474-1A3956D46DE8}") = "Contracts", "Contracts", "{7DA348B5-9681-7436-A640-3B972169BAFB}"
EndProject
Project("{FAE04EC0-301F-11D3-BF4B-00C04F79EFBC}") = "Shared.Contracts", "src\Shared\Contracts\Shared.Contracts.csproj", "{81E1E538-4A95-4884-A1BC-9ACFAD031D93}"
EndProject
Project("{2150E333-8FDC-42A3-9474-1A3956D46DE8}") = "tests", "tests", "{0AB3BF05-4346-4AA6-1389-037BE0695223}"
EndProject
Project("{2150E333-8FDC-42A3-9474-1A3956D46DE8}") = "Integration", "Integration", "{28A6993C-471E-82FE-7D9E-AD3B1EC22BD9}"
EndProject
Project("{FAE04EC0-301F-11D3-BF4B-00C04F79EFBC}") = "Tests.Integration", "tests\Integration\Tests.Integration.csproj", "{5DB2DC70-3E6D-4A3B-9571-4E5E5D705F05}"
EndProject
Global
	GlobalSection(SolutionConfigurationPlatforms) = preSolution
		Debug|Any CPU = Debug|Any CPU
		Debug|x64 = Debug|x64
		Debug|x86 = Debug|x86
		Release|Any CPU = Release|Any CPU
		Release|x64 = Release|x64
		Release|x86 = Release|x86
	EndGlobalSection
	GlobalSection(ProjectConfigurationPlatforms) = postSolution
		{EED81BFB-1349-4784-A3AF-0AD76F889EE7}.Debug|Any CPU.ActiveCfg = Debug|Any CPU
		{EED81BFB-1349-4784-A3AF-0AD76F889EE7}.Debug|Any CPU.Build.0 = Debug|Any CPU
		{EED81BFB-1349-4784-A3AF-0AD76F889EE7}.Debug|x64.ActiveCfg = Debug|Any CPU
		{EED81BFB-1349-4784-A3AF-0AD76F889EE7}.Debug|x64.Build.0 = Debug|Any CPU
		{EED81BFB-1349-4784-A3AF-0AD76F889EE7}.Debug|x86.ActiveCfg = Debug|Any CPU
		{EED81BFB-1349-4784-A3AF-0AD76F889EE7}.Debug|x86.Build.0 = Debug|Any CPU
		{EED81BFB-1349-4784-A3AF-0AD76F889EE7}.Release|Any CPU.ActiveCfg = Release|Any CPU
		{EED81BFB-1349-4784-A3AF-0AD76F889EE7}.Release|Any CPU.Build.0 = Release|Any CPU
		{EED81BFB-1349-4784-A3AF-0AD76F889EE7}.Release|x64.ActiveCfg = Release|Any CPU
		{EED81BFB-1349-4784-A3AF-0AD76F889EE7}.Release|x64.Build.0 = Release|Any CPU
		{EED81BFB-1349-4784-A3AF-0AD76F889EE7}.Release|x86.ActiveCfg = Release|Any CPU
		{EED81BFB-1349-4784-A3AF-0AD76F889EE7}.Release|x86.Build.0 = Release|Any CPU
		{233D952B-2815-4218-879A-46FE41D7D4CD}.Debug|Any CPU.ActiveCfg = Debug|Any CPU
		{233D952B-2815-4218-879A-46FE41D7D4CD}.Debug|Any CPU.Build.0 = Debug|Any CPU
		{233D952B-2815-4218-879A-46FE41D7D4CD}.Debug|x64.ActiveCfg = Debug|Any CPU
		{233D952B-2815-4218-879A-46FE41D7D4CD}.Debug|x64.Build.0 = Debug|Any CPU
		{233D952B-2815-4218-879A-46FE41D7D4CD}.Debug|x86.ActiveCfg = Debug|Any CPU
		{233D952B-2815-4218-879A-46FE41D7D4CD}.Debug|x86.Build.0 = Debug|Any CPU
		{233D952B-2815-4218-879A-46FE41D7D4CD}.Release|Any CPU.ActiveCfg = Release|Any CPU
		{233D952B-2815-4218-879A-46FE41D7D4CD}.Release|Any CPU.Build.0 = Release|Any CPU
		{233D952B-2815-4218-879A-46FE41D7D4CD}.Release|x64.ActiveCfg = Release|Any CPU
		{233D952B-2815-4218-879A-46FE41D7D4CD}.Release|x64.Build.0 = Release|Any CPU
		{233D952B-2815-4218-879A-46FE41D7D4CD}.Release|x86.ActiveCfg = Release|Any CPU
		{233D952B-2815-4218-879A-46FE41D7D4CD}.Release|x86.Build.0 = Release|Any CPU
		{44D174C2-EA42-48C3-8F12-20A0F55AE495}.Debug|Any CPU.ActiveCfg = Debug|Any CPU
		{44D174C2-EA42-48C3-8F12-20A0F55AE495}.Debug|Any CPU.Build.0 = Debug|Any CPU
		{44D174C2-EA42-48C3-8F12-20A0F55AE495}.Debug|x64.ActiveCfg = Debug|Any CPU
		{44D174C2-EA42-48C3-8F12-20A0F55AE495}.Debug|x64.Build.0 = Debug|Any CPU
		{44D174C2-EA42-48C3-8F12-20A0F55AE495}.Debug|x86.ActiveCfg = Debug|Any CPU
		{44D174C2-EA42-48C3-8F12-20A0F55AE495}.Debug|x86.Build.0 = Debug|Any CPU
		{44D174C2-EA42-48C3-8F12-20A0F55AE495}.Release|Any CPU.ActiveCfg = Release|Any CPU
		{44D174C2-EA42-48C3-8F12-20A0F55AE495}.Release|Any CPU.Build.0 = Release|Any CPU
		{44D174C2-EA42-48C3-8F12-20A0F55AE495}.Release|x64.ActiveCfg = Release|Any CPU
		{44D174C2-EA42-48C3-8F12-20A0F55AE495}.Release|x64.Build.0 = Release|Any CPU
		{44D174C2-EA42-48C3-8F12-20A0F55AE495}.Release|x86.ActiveCfg = Release|Any CPU
		{44D174C2-EA42-48C3-8F12-20A0F55AE495}.Release|x86.Build.0 = Release|Any CPU
		{4E1A346A-37CA-46C9-AC54-59F91C5EE153}.Debug|Any CPU.ActiveCfg = Debug|Any CPU
		{4E1A346A-37CA-46C9-AC54-59F91C5EE153}.Debug|Any CPU.Build.0 = Debug|Any CPU
		{4E1A346A-37CA-46C9-AC54-59F91C5EE153}.Debug|x64.ActiveCfg = Debug|Any CPU
		{4E1A346A-37CA-46C9-AC54-59F91C5EE153}.Debug|x64.Build.0 = Debug|Any CPU
		{4E1A346A-37CA-46C9-AC54-59F91C5EE153}.Debug|x86.ActiveCfg = Debug|Any CPU
		{4E1A346A-37CA-46C9-AC54-59F91C5EE153}.Debug|x86.Build.0 = Debug|Any CPU
		{4E1A346A-37CA-46C9-AC54-59F91C5EE153}.Release|Any CPU.ActiveCfg = Release|Any CPU
		{4E1A346A-37CA-46C9-AC54-59F91C5EE153}.Release|Any CPU.Build.0 = Release|Any CPU
		{4E1A346A-37CA-46C9-AC54-59F91C5EE153}.Release|x64.ActiveCfg = Release|Any CPU
		{4E1A346A-37CA-46C9-AC54-59F91C5EE153}.Release|x64.Build.0 = Release|Any CPU
		{4E1A346A-37CA-46C9-AC54-59F91C5EE153}.Release|x86.ActiveCfg = Release|Any CPU
		{4E1A346A-37CA-46C9-AC54-59F91C5EE153}.Release|x86.Build.0 = Release|Any CPU
		{F96833C4-8EE4-49A2-BC46-952F3978E93A}.Debug|Any CPU.ActiveCfg = Debug|Any CPU
		{F96833C4-8EE4-49A2-BC46-952F3978E93A}.Debug|Any CPU.Build.0 = Debug|Any CPU
		{F96833C4-8EE4-49A2-BC46-952F3978E93A}.Debug|x64.ActiveCfg = Debug|Any CPU
		{F96833C4-8EE4-49A2-BC46-952F3978E93A}.Debug|x64.Build.0 = Debug|Any CPU
		{F96833C4-8EE4-49A2-BC46-952F3978E93A}.Debug|x86.ActiveCfg = Debug|Any CPU
		{F96833C4-8EE4-49A2-BC46-952F3978E93A}.Debug|x86.Build.0 = Debug|Any CPU
		{F96833C4-8EE4-49A2-BC46-952F3978E93A}.Release|Any CPU.ActiveCfg = Release|Any CPU
		{F96833C4-8EE4-49A2-BC46-952F3978E93A}.Release|Any CPU.Build.0 = Release|Any CPU
		{F96833C4-8EE4-49A2-BC46-952F3978E93A}.Release|x64.ActiveCfg = Release|Any CPU
		{F96833C4-8EE4-49A2-BC46-952F3978E93A}.Release|x64.Build.0 = Release|Any CPU
		{F96833C4-8EE4-49A2-BC46-952F3978E93A}.Release|x86.ActiveCfg = Release|Any CPU
		{F96833C4-8EE4-49A2-BC46-952F3978E93A}.Release|x86.Build.0 = Release|Any CPU
		{8DD4CE5A-0699-4C01-A13A-24016CD84DC8}.Debug|Any CPU.ActiveCfg = Debug|Any CPU
		{8DD4CE5A-0699-4C01-A13A-24016CD84DC8}.Debug|Any CPU.Build.0 = Debug|Any CPU
		{8DD4CE5A-0699-4C01-A13A-24016CD84DC8}.Debug|x64.ActiveCfg = Debug|Any CPU
		{8DD4CE5A-0699-4C01-A13A-24016CD84DC8}.Debug|x64.Build.0 = Debug|Any CPU
		{8DD4CE5A-0699-4C01-A13A-24016CD84DC8}.Debug|x86.ActiveCfg = Debug|Any CPU
		{8DD4CE5A-0699-4C01-A13A-24016CD84DC8}.Debug|x86.Build.0 = Debug|Any CPU
		{8DD4CE5A-0699-4C01-A13A-24016CD84DC8}.Release|Any CPU.ActiveCfg = Release|Any CPU
		{8DD4CE5A-0699-4C01-A13A-24016CD84DC8}.Release|Any CPU.Build.0 = Release|Any CPU
		{8DD4CE5A-0699-4C01-A13A-24016CD84DC8}.Release|x64.ActiveCfg = Release|Any CPU
		{8DD4CE5A-0699-4C01-A13A-24016CD84DC8}.Release|x64.Build.0 = Release|Any CPU
		{8DD4CE5A-0699-4C01-A13A-24016CD84DC8}.Release|x86.ActiveCfg = Release|Any CPU
		{8DD4CE5A-0699-4C01-A13A-24016CD84DC8}.Release|x86.Build.0 = Release|Any CPU
		{81E1E538-4A95-4884-A1BC-9ACFAD031D93}.Debug|Any CPU.ActiveCfg = Debug|Any CPU
		{81E1E538-4A95-4884-A1BC-9ACFAD031D93}.Debug|Any CPU.Build.0 = Debug|Any CPU
		{81E1E538-4A95-4884-A1BC-9ACFAD031D93}.Debug|x64.ActiveCfg = Debug|Any CPU
		{81E1E538-4A95-4884-A1BC-9ACFAD031D93}.Debug|x64.Build.0 = Debug|Any CPU
		{81E1E538-4A95-4884-A1BC-9ACFAD031D93}.Debug|x86.ActiveCfg = Debug|Any CPU
		{81E1E538-4A95-4884-A1BC-9ACFAD031D93}.Debug|x86.Build.0 = Debug|Any CPU
		{81E1E538-4A95-4884-A1BC-9ACFAD031D93}.Release|Any CPU.ActiveCfg = Release|Any CPU
		{81E1E538-4A95-4884-A1BC-9ACFAD031D93}.Release|Any CPU.Build.0 = Release|Any CPU
		{81E1E538-4A95-4884-A1BC-9ACFAD031D93}.Release|x64.ActiveCfg = Release|Any CPU
		{81E1E538-4A95-4884-A1BC-9ACFAD031D93}.Release|x64.Build.0 = Release|Any CPU
		{81E1E538-4A95-4884-A1BC-9ACFAD031D93}.Release|x86.ActiveCfg = Release|Any CPU
		{81E1E538-4A95-4884-A1BC-9ACFAD031D93}.Release|x86.Build.0 = Release|Any CPU
		{5DB2DC70-3E6D-4A3B-9571-4E5E5D705F05}.Debug|Any CPU.ActiveCfg = Debug|Any CPU
		{5DB2DC70-3E6D-4A3B-9571-4E5E5D705F05}.Debug|Any CPU.Build.0 = Debug|Any CPU
		{5DB2DC70-3E6D-4A3B-9571-4E5E5D705F05}.Debug|x64.ActiveCfg = Debug|Any CPU
		{5DB2DC70-3E6D-4A3B-9571-4E5E5D705F05}.Debug|x64.Build.0 = Debug|Any CPU
		{5DB2DC70-3E6D-4A3B-9571-4E5E5D705F05}.Debug|x86.ActiveCfg = Debug|Any CPU
		{5DB2DC70-3E6D-4A3B-9571-4E5E5D705F05}.Debug|x86.Build.0 = Debug|Any CPU
		{5DB2DC70-3E6D-4A3B-9571-4E5E5D705F05}.Release|Any CPU.ActiveCfg = Release|Any CPU
		{5DB2DC70-3E6D-4A3B-9571-4E5E5D705F05}.Release|Any CPU.Build.0 = Release|Any CPU
		{5DB2DC70-3E6D-4A3B-9571-4E5E5D705F05}.Release|x64.ActiveCfg = Release|Any CPU
		{5DB2DC70-3E6D-4A3B-9571-4E5E5D705F05}.Release|x64.Build.0 = Release|Any CPU
		{5DB2DC70-3E6D-4A3B-9571-4E5E5D705F05}.Release|x86.ActiveCfg = Release|Any CPU
		{5DB2DC70-3E6D-4A3B-9571-4E5E5D705F05}.Release|x86.Build.0 = Release|Any CPU
	EndGlobalSection
	GlobalSection(SolutionProperties) = preSolution
		HideSolutionNode = FALSE
	EndGlobalSection
	GlobalSection(NestedProjects) = preSolution
		{8D626EA8-CB54-BC41-363A-217881BEBA6E} = {827E0CD3-B72D-47B6-A68D-7590B98EB39B}
		{53986343-908A-6037-C70A-1919D3E9F8C3} = {8D626EA8-CB54-BC41-363A-217881BEBA6E}
		{EED81BFB-1349-4784-A3AF-0AD76F889EE7} = {53986343-908A-6037-C70A-1919D3E9F8C3}
		{233D952B-2815-4218-879A-46FE41D7D4CD} = {53986343-908A-6037-C70A-1919D3E9F8C3}
		{44D174C2-EA42-48C3-8F12-20A0F55AE495} = {53986343-908A-6037-C70A-1919D3E9F8C3}
		{4E1A346A-37CA-46C9-AC54-59F91C5EE153} = {53986343-908A-6037-C70A-1919D3E9F8C3}
		{F96833C4-8EE4-49A2-BC46-952F3978E93A} = {53986343-908A-6037-C70A-1919D3E9F8C3}
		{8DD4CE5A-0699-4C01-A13A-24016CD84DC8} = {53986343-908A-6037-C70A-1919D3E9F8C3}
		{C8E42992-5E42-0C2B-DBFE-AA848D06431C} = {827E0CD3-B72D-47B6-A68D-7590B98EB39B}
		{7DA348B5-9681-7436-A640-3B972169BAFB} = {C8E42992-5E42-0C2B-DBFE-AA848D06431C}
		{81E1E538-4A95-4884-A1BC-9ACFAD031D93} = {7DA348B5-9681-7436-A640-3B972169BAFB}
		{28A6993C-471E-82FE-7D9E-AD3B1EC22BD9} = {0AB3BF05-4346-4AA6-1389-037BE0695223}
		{5DB2DC70-3E6D-4A3B-9571-4E5E5D705F05} = {28A6993C-471E-82FE-7D9E-AD3B1EC22BD9}
	EndGlobalSection
EndGlobal
